// !$*UTF8*$!
{
	archiveVersion = 1;
	classes = {
	};
	objectVersion = 50;
	objects = {

/* Begin PBXBuildFile section */
		28212670235926E700072D52 /* AppDelegate.swift in Sources */ = {isa = PBXBuildFile; fileRef = 2821266F235926E700072D52 /* AppDelegate.swift */; };
		28212672235926E700072D52 /* SceneDelegate.swift in Sources */ = {isa = PBXBuildFile; fileRef = 28212671235926E700072D52 /* SceneDelegate.swift */; };
		28212674235926E700072D52 /* ContentView.swift in Sources */ = {isa = PBXBuildFile; fileRef = 28212673235926E700072D52 /* ContentView.swift */; };
		28212676235926EB00072D52 /* Assets.xcassets in Resources */ = {isa = PBXBuildFile; fileRef = 28212675235926EB00072D52 /* Assets.xcassets */; };
		28212679235926EB00072D52 /* Preview Assets.xcassets in Resources */ = {isa = PBXBuildFile; fileRef = 28212678235926EB00072D52 /* Preview Assets.xcassets */; };
		2821267C235926EB00072D52 /* LaunchScreen.storyboard in Resources */ = {isa = PBXBuildFile; fileRef = 2821267A235926EB00072D52 /* LaunchScreen.storyboard */; };
		28212687235926EB00072D52 /* Pi_HelperTests.swift in Sources */ = {isa = PBXBuildFile; fileRef = 28212686235926EB00072D52 /* Pi_HelperTests.swift */; };
		28212692235926EB00072D52 /* Pi_HelperUITests.swift in Sources */ = {isa = PBXBuildFile; fileRef = 28212691235926EB00072D52 /* Pi_HelperUITests.swift */; };
		282126A6235BE6EE00072D52 /* PiHoleDataStore.swift in Sources */ = {isa = PBXBuildFile; fileRef = 282126A5235BE6EE00072D52 /* PiHoleDataStore.swift */; };
		282126A8235BE72800072D52 /* PiHole.swift in Sources */ = {isa = PBXBuildFile; fileRef = 282126A7235BE72800072D52 /* PiHole.swift */; };
		282126AA235BEE0F00072D52 /* PiHoleApiService.swift in Sources */ = {isa = PBXBuildFile; fileRef = 282126A9235BEE0F00072D52 /* PiHoleApiService.swift */; };
		282126AC235BF09800072D52 /* PiHoleDetailsView.swift in Sources */ = {isa = PBXBuildFile; fileRef = 282126AB235BF09800072D52 /* PiHoleDetailsView.swift */; };
		282126AE235BF21D00072D52 /* AddPiHoleView.swift in Sources */ = {isa = PBXBuildFile; fileRef = 282126AD235BF21D00072D52 /* AddPiHoleView.swift */; };
		282126B0235BF52F00072D52 /* ActivityIndicatorView.swift in Sources */ = {isa = PBXBuildFile; fileRef = 282126AF235BF52F00072D52 /* ActivityIndicatorView.swift */; };
		282126B4235C0F5400072D52 /* Localizable.strings in Resources */ = {isa = PBXBuildFile; fileRef = 282126B6235C0F5400072D52 /* Localizable.strings */; };
		28D72051238067F30038D439 /* libresolv.9.tbd in Frameworks */ = {isa = PBXBuildFile; fileRef = 28D72050238067EC0038D439 /* libresolv.9.tbd */; };
		28D7205923808E8C0038D439 /* Extensions.swift in Sources */ = {isa = PBXBuildFile; fileRef = 28D7205823808E8C0038D439 /* Extensions.swift */; };
		28D7205C2380C2090038D439 /* resolver.c in Sources */ = {isa = PBXBuildFile; fileRef = 28D7205B2380C2090038D439 /* resolver.c */; };
/* End PBXBuildFile section */

/* Begin PBXContainerItemProxy section */
		28212683235926EB00072D52 /* PBXContainerItemProxy */ = {
			isa = PBXContainerItemProxy;
			containerPortal = 28212664235926E700072D52 /* Project object */;
			proxyType = 1;
			remoteGlobalIDString = 2821266B235926E700072D52;
			remoteInfo = "Pi-Helper";
		};
		2821268E235926EB00072D52 /* PBXContainerItemProxy */ = {
			isa = PBXContainerItemProxy;
			containerPortal = 28212664235926E700072D52 /* Project object */;
			proxyType = 1;
			remoteGlobalIDString = 2821266B235926E700072D52;
			remoteInfo = "Pi-Helper";
		};
/* End PBXContainerItemProxy section */

/* Begin PBXFileReference section */
		2821266C235926E700072D52 /* Pi-Helper.app */ = {isa = PBXFileReference; explicitFileType = wrapper.application; includeInIndex = 0; path = "Pi-Helper.app"; sourceTree = BUILT_PRODUCTS_DIR; };
		2821266F235926E700072D52 /* AppDelegate.swift */ = {isa = PBXFileReference; lastKnownFileType = sourcecode.swift; path = AppDelegate.swift; sourceTree = "<group>"; };
		28212671235926E700072D52 /* SceneDelegate.swift */ = {isa = PBXFileReference; lastKnownFileType = sourcecode.swift; path = SceneDelegate.swift; sourceTree = "<group>"; };
		28212673235926E700072D52 /* ContentView.swift */ = {isa = PBXFileReference; lastKnownFileType = sourcecode.swift; path = ContentView.swift; sourceTree = "<group>"; };
		28212675235926EB00072D52 /* Assets.xcassets */ = {isa = PBXFileReference; lastKnownFileType = folder.assetcatalog; path = Assets.xcassets; sourceTree = "<group>"; };
		28212678235926EB00072D52 /* Preview Assets.xcassets */ = {isa = PBXFileReference; lastKnownFileType = folder.assetcatalog; path = "Preview Assets.xcassets"; sourceTree = "<group>"; };
		2821267B235926EB00072D52 /* Base */ = {isa = PBXFileReference; lastKnownFileType = file.storyboard; name = Base; path = Base.lproj/LaunchScreen.storyboard; sourceTree = "<group>"; };
		2821267D235926EB00072D52 /* Info.plist */ = {isa = PBXFileReference; lastKnownFileType = text.plist.xml; path = Info.plist; sourceTree = "<group>"; };
		28212682235926EB00072D52 /* Pi-HelperTests.xctest */ = {isa = PBXFileReference; explicitFileType = wrapper.cfbundle; includeInIndex = 0; path = "Pi-HelperTests.xctest"; sourceTree = BUILT_PRODUCTS_DIR; };
		28212686235926EB00072D52 /* Pi_HelperTests.swift */ = {isa = PBXFileReference; lastKnownFileType = sourcecode.swift; path = Pi_HelperTests.swift; sourceTree = "<group>"; };
		28212688235926EB00072D52 /* Info.plist */ = {isa = PBXFileReference; lastKnownFileType = text.plist.xml; path = Info.plist; sourceTree = "<group>"; };
		2821268D235926EB00072D52 /* Pi-HelperUITests.xctest */ = {isa = PBXFileReference; explicitFileType = wrapper.cfbundle; includeInIndex = 0; path = "Pi-HelperUITests.xctest"; sourceTree = BUILT_PRODUCTS_DIR; };
		28212691235926EB00072D52 /* Pi_HelperUITests.swift */ = {isa = PBXFileReference; lastKnownFileType = sourcecode.swift; path = Pi_HelperUITests.swift; sourceTree = "<group>"; };
		28212693235926EB00072D52 /* Info.plist */ = {isa = PBXFileReference; lastKnownFileType = text.plist.xml; path = Info.plist; sourceTree = "<group>"; };
		282126A5235BE6EE00072D52 /* PiHoleDataStore.swift */ = {isa = PBXFileReference; lastKnownFileType = sourcecode.swift; path = PiHoleDataStore.swift; sourceTree = "<group>"; };
		282126A7235BE72800072D52 /* PiHole.swift */ = {isa = PBXFileReference; lastKnownFileType = sourcecode.swift; path = PiHole.swift; sourceTree = "<group>"; };
		282126A9235BEE0F00072D52 /* PiHoleApiService.swift */ = {isa = PBXFileReference; lastKnownFileType = sourcecode.swift; path = PiHoleApiService.swift; sourceTree = "<group>"; };
		282126AB235BF09800072D52 /* PiHoleDetailsView.swift */ = {isa = PBXFileReference; lastKnownFileType = sourcecode.swift; path = PiHoleDetailsView.swift; sourceTree = "<group>"; };
		282126AD235BF21D00072D52 /* AddPiHoleView.swift */ = {isa = PBXFileReference; lastKnownFileType = sourcecode.swift; path = AddPiHoleView.swift; sourceTree = "<group>"; };
		282126AF235BF52F00072D52 /* ActivityIndicatorView.swift */ = {isa = PBXFileReference; lastKnownFileType = sourcecode.swift; path = ActivityIndicatorView.swift; sourceTree = "<group>"; };
		282126B3235C0EBF00072D52 /* es-419 */ = {isa = PBXFileReference; lastKnownFileType = text.plist.strings; name = "es-419"; path = "es-419.lproj/LaunchScreen.strings"; sourceTree = "<group>"; };
		282126B5235C0F5400072D52 /* en */ = {isa = PBXFileReference; lastKnownFileType = text.plist.strings; name = en; path = en.lproj/Localizable.strings; sourceTree = "<group>"; };
		282126B8235C0F8400072D52 /* es-419 */ = {isa = PBXFileReference; lastKnownFileType = text.plist.strings; name = "es-419"; path = "es-419.lproj/Localizable.strings"; sourceTree = "<group>"; };
		28D7204E238067B20038D439 /* libresolv.tbd */ = {isa = PBXFileReference; lastKnownFileType = "sourcecode.text-based-dylib-definition"; name = libresolv.tbd; path = usr/lib/libresolv.tbd; sourceTree = SDKROOT; };
		28D72050238067EC0038D439 /* libresolv.9.tbd */ = {isa = PBXFileReference; lastKnownFileType = "sourcecode.text-based-dylib-definition"; name = libresolv.9.tbd; path = usr/lib/libresolv.9.tbd; sourceTree = SDKROOT; };
		28D720522380689E0038D439 /* Pi-Helper-Bridging-Header.h */ = {isa = PBXFileReference; lastKnownFileType = sourcecode.c.h; path = "Pi-Helper-Bridging-Header.h"; sourceTree = "<group>"; };
		28D7205823808E8C0038D439 /* Extensions.swift */ = {isa = PBXFileReference; lastKnownFileType = sourcecode.swift; path = Extensions.swift; sourceTree = "<group>"; };
		28D7205A2380C2090038D439 /* resolver.h */ = {isa = PBXFileReference; lastKnownFileType = sourcecode.c.h; path = resolver.h; sourceTree = "<group>"; };
		28D7205B2380C2090038D439 /* resolver.c */ = {isa = PBXFileReference; lastKnownFileType = sourcecode.c.c; path = resolver.c; sourceTree = "<group>"; };
/* End PBXFileReference section */

/* Begin PBXFrameworksBuildPhase section */
		28212669235926E700072D52 /* Frameworks */ = {
			isa = PBXFrameworksBuildPhase;
			buildActionMask = 2147483647;
			files = (
				28D72051238067F30038D439 /* libresolv.9.tbd in Frameworks */,
			);
			runOnlyForDeploymentPostprocessing = 0;
		};
		2821267F235926EB00072D52 /* Frameworks */ = {
			isa = PBXFrameworksBuildPhase;
			buildActionMask = 2147483647;
			files = (
			);
			runOnlyForDeploymentPostprocessing = 0;
		};
		2821268A235926EB00072D52 /* Frameworks */ = {
			isa = PBXFrameworksBuildPhase;
			buildActionMask = 2147483647;
			files = (
			);
			runOnlyForDeploymentPostprocessing = 0;
		};
/* End PBXFrameworksBuildPhase section */

/* Begin PBXGroup section */
		28212663235926E700072D52 = {
			isa = PBXGroup;
			children = (
				2821266E235926E700072D52 /* Pi-Helper */,
				28212685235926EB00072D52 /* Pi-HelperTests */,
				28212690235926EB00072D52 /* Pi-HelperUITests */,
				2821266D235926E700072D52 /* Products */,
				28D7204D238067B20038D439 /* Frameworks */,
			);
			sourceTree = "<group>";
		};
		2821266D235926E700072D52 /* Products */ = {
			isa = PBXGroup;
			children = (
				2821266C235926E700072D52 /* Pi-Helper.app */,
				28212682235926EB00072D52 /* Pi-HelperTests.xctest */,
				2821268D235926EB00072D52 /* Pi-HelperUITests.xctest */,
			);
			name = Products;
			sourceTree = "<group>";
		};
		2821266E235926E700072D52 /* Pi-Helper */ = {
			isa = PBXGroup;
			children = (
				28D720522380689E0038D439 /* Pi-Helper-Bridging-Header.h */,
				2821266F235926E700072D52 /* AppDelegate.swift */,
				28212671235926E700072D52 /* SceneDelegate.swift */,
				28212673235926E700072D52 /* ContentView.swift */,
				282126AD235BF21D00072D52 /* AddPiHoleView.swift */,
				28212675235926EB00072D52 /* Assets.xcassets */,
				2821267A235926EB00072D52 /* LaunchScreen.storyboard */,
				2821267D235926EB00072D52 /* Info.plist */,
				28212677235926EB00072D52 /* Preview Content */,
				282126A5235BE6EE00072D52 /* PiHoleDataStore.swift */,
				282126A7235BE72800072D52 /* PiHole.swift */,
				282126A9235BEE0F00072D52 /* PiHoleApiService.swift */,
				282126AB235BF09800072D52 /* PiHoleDetailsView.swift */,
				282126AF235BF52F00072D52 /* ActivityIndicatorView.swift */,
				282126B6235C0F5400072D52 /* Localizable.strings */,
				28D7205823808E8C0038D439 /* Extensions.swift */,
				28D7205A2380C2090038D439 /* resolver.h */,
				28D7205B2380C2090038D439 /* resolver.c */,
			);
			path = "Pi-Helper";
			sourceTree = "<group>";
		};
		28212677235926EB00072D52 /* Preview Content */ = {
			isa = PBXGroup;
			children = (
				28212678235926EB00072D52 /* Preview Assets.xcassets */,
			);
			path = "Preview Content";
			sourceTree = "<group>";
		};
		28212685235926EB00072D52 /* Pi-HelperTests */ = {
			isa = PBXGroup;
			children = (
				28212686235926EB00072D52 /* Pi_HelperTests.swift */,
				28212688235926EB00072D52 /* Info.plist */,
			);
			path = "Pi-HelperTests";
			sourceTree = "<group>";
		};
		28212690235926EB00072D52 /* Pi-HelperUITests */ = {
			isa = PBXGroup;
			children = (
				28212691235926EB00072D52 /* Pi_HelperUITests.swift */,
				28212693235926EB00072D52 /* Info.plist */,
			);
			path = "Pi-HelperUITests";
			sourceTree = "<group>";
		};
		28D7204D238067B20038D439 /* Frameworks */ = {
			isa = PBXGroup;
			children = (
				28D72050238067EC0038D439 /* libresolv.9.tbd */,
				28D7204E238067B20038D439 /* libresolv.tbd */,
			);
			name = Frameworks;
			sourceTree = "<group>";
		};
/* End PBXGroup section */

/* Begin PBXNativeTarget section */
		2821266B235926E700072D52 /* Pi-Helper */ = {
			isa = PBXNativeTarget;
			buildConfigurationList = 28212696235926EB00072D52 /* Build configuration list for PBXNativeTarget "Pi-Helper" */;
			buildPhases = (
				28212668235926E700072D52 /* Sources */,
				28212669235926E700072D52 /* Frameworks */,
				2821266A235926E700072D52 /* Resources */,
			);
			buildRules = (
			);
			dependencies = (
			);
			name = "Pi-Helper";
			productName = "Pi-Helper";
			productReference = 2821266C235926E700072D52 /* Pi-Helper.app */;
			productType = "com.apple.product-type.application";
		};
		28212681235926EB00072D52 /* Pi-HelperTests */ = {
			isa = PBXNativeTarget;
			buildConfigurationList = 28212699235926EB00072D52 /* Build configuration list for PBXNativeTarget "Pi-HelperTests" */;
			buildPhases = (
				2821267E235926EB00072D52 /* Sources */,
				2821267F235926EB00072D52 /* Frameworks */,
				28212680235926EB00072D52 /* Resources */,
			);
			buildRules = (
			);
			dependencies = (
				28212684235926EB00072D52 /* PBXTargetDependency */,
			);
			name = "Pi-HelperTests";
			productName = "Pi-HelperTests";
			productReference = 28212682235926EB00072D52 /* Pi-HelperTests.xctest */;
			productType = "com.apple.product-type.bundle.unit-test";
		};
		2821268C235926EB00072D52 /* Pi-HelperUITests */ = {
			isa = PBXNativeTarget;
			buildConfigurationList = 2821269C235926EB00072D52 /* Build configuration list for PBXNativeTarget "Pi-HelperUITests" */;
			buildPhases = (
				28212689235926EB00072D52 /* Sources */,
				2821268A235926EB00072D52 /* Frameworks */,
				2821268B235926EB00072D52 /* Resources */,
			);
			buildRules = (
			);
			dependencies = (
				2821268F235926EB00072D52 /* PBXTargetDependency */,
			);
			name = "Pi-HelperUITests";
			productName = "Pi-HelperUITests";
			productReference = 2821268D235926EB00072D52 /* Pi-HelperUITests.xctest */;
			productType = "com.apple.product-type.bundle.ui-testing";
		};
/* End PBXNativeTarget section */

/* Begin PBXProject section */
		28212664235926E700072D52 /* Project object */ = {
			isa = PBXProject;
			attributes = {
				LastSwiftUpdateCheck = 1100;
				LastUpgradeCheck = 1100;
				ORGANIZATIONNAME = "William Brawner";
				TargetAttributes = {
					2821266B235926E700072D52 = {
						CreatedOnToolsVersion = 11.0;
						LastSwiftMigration = 1120;
					};
					28212681235926EB00072D52 = {
						CreatedOnToolsVersion = 11.0;
						TestTargetID = 2821266B235926E700072D52;
					};
					2821268C235926EB00072D52 = {
						CreatedOnToolsVersion = 11.0;
						TestTargetID = 2821266B235926E700072D52;
					};
				};
			};
			buildConfigurationList = 28212667235926E700072D52 /* Build configuration list for PBXProject "Pi-Helper" */;
			compatibilityVersion = "Xcode 9.3";
			developmentRegion = en;
			hasScannedForEncodings = 0;
			knownRegions = (
				en,
				Base,
				"es-419",
			);
			mainGroup = 28212663235926E700072D52;
			productRefGroup = 2821266D235926E700072D52 /* Products */;
			projectDirPath = "";
			projectRoot = "";
			targets = (
				2821266B235926E700072D52 /* Pi-Helper */,
				28212681235926EB00072D52 /* Pi-HelperTests */,
				2821268C235926EB00072D52 /* Pi-HelperUITests */,
			);
		};
/* End PBXProject section */

/* Begin PBXResourcesBuildPhase section */
		2821266A235926E700072D52 /* Resources */ = {
			isa = PBXResourcesBuildPhase;
			buildActionMask = 2147483647;
			files = (
				2821267C235926EB00072D52 /* LaunchScreen.storyboard in Resources */,
				282126B4235C0F5400072D52 /* Localizable.strings in Resources */,
				28212679235926EB00072D52 /* Preview Assets.xcassets in Resources */,
				28212676235926EB00072D52 /* Assets.xcassets in Resources */,
			);
			runOnlyForDeploymentPostprocessing = 0;
		};
		28212680235926EB00072D52 /* Resources */ = {
			isa = PBXResourcesBuildPhase;
			buildActionMask = 2147483647;
			files = (
			);
			runOnlyForDeploymentPostprocessing = 0;
		};
		2821268B235926EB00072D52 /* Resources */ = {
			isa = PBXResourcesBuildPhase;
			buildActionMask = 2147483647;
			files = (
			);
			runOnlyForDeploymentPostprocessing = 0;
		};
/* End PBXResourcesBuildPhase section */

/* Begin PBXSourcesBuildPhase section */
		28212668235926E700072D52 /* Sources */ = {
			isa = PBXSourcesBuildPhase;
			buildActionMask = 2147483647;
			files = (
				282126AC235BF09800072D52 /* PiHoleDetailsView.swift in Sources */,
				282126A6235BE6EE00072D52 /* PiHoleDataStore.swift in Sources */,
				282126AA235BEE0F00072D52 /* PiHoleApiService.swift in Sources */,
				282126AE235BF21D00072D52 /* AddPiHoleView.swift in Sources */,
				28212670235926E700072D52 /* AppDelegate.swift in Sources */,
				28D7205C2380C2090038D439 /* resolver.c in Sources */,
				28212672235926E700072D52 /* SceneDelegate.swift in Sources */,
				282126B0235BF52F00072D52 /* ActivityIndicatorView.swift in Sources */,
				28212674235926E700072D52 /* ContentView.swift in Sources */,
				28D7205923808E8C0038D439 /* Extensions.swift in Sources */,
				282126A8235BE72800072D52 /* PiHole.swift in Sources */,
			);
			runOnlyForDeploymentPostprocessing = 0;
		};
		2821267E235926EB00072D52 /* Sources */ = {
			isa = PBXSourcesBuildPhase;
			buildActionMask = 2147483647;
			files = (
				28212687235926EB00072D52 /* Pi_HelperTests.swift in Sources */,
			);
			runOnlyForDeploymentPostprocessing = 0;
		};
		28212689235926EB00072D52 /* Sources */ = {
			isa = PBXSourcesBuildPhase;
			buildActionMask = 2147483647;
			files = (
				28212692235926EB00072D52 /* Pi_HelperUITests.swift in Sources */,
			);
			runOnlyForDeploymentPostprocessing = 0;
		};
/* End PBXSourcesBuildPhase section */

/* Begin PBXTargetDependency section */
		28212684235926EB00072D52 /* PBXTargetDependency */ = {
			isa = PBXTargetDependency;
			target = 2821266B235926E700072D52 /* Pi-Helper */;
			targetProxy = 28212683235926EB00072D52 /* PBXContainerItemProxy */;
		};
		2821268F235926EB00072D52 /* PBXTargetDependency */ = {
			isa = PBXTargetDependency;
			target = 2821266B235926E700072D52 /* Pi-Helper */;
			targetProxy = 2821268E235926EB00072D52 /* PBXContainerItemProxy */;
		};
/* End PBXTargetDependency section */

/* Begin PBXVariantGroup section */
		2821267A235926EB00072D52 /* LaunchScreen.storyboard */ = {
			isa = PBXVariantGroup;
			children = (
				2821267B235926EB00072D52 /* Base */,
				282126B3235C0EBF00072D52 /* es-419 */,
			);
			name = LaunchScreen.storyboard;
			sourceTree = "<group>";
		};
		282126B6235C0F5400072D52 /* Localizable.strings */ = {
			isa = PBXVariantGroup;
			children = (
				282126B5235C0F5400072D52 /* en */,
				282126B8235C0F8400072D52 /* es-419 */,
			);
			name = Localizable.strings;
			sourceTree = "<group>";
		};
/* End PBXVariantGroup section */

/* Begin XCBuildConfiguration section */
		28212694235926EB00072D52 /* Debug */ = {
			isa = XCBuildConfiguration;
			buildSettings = {
				ALWAYS_SEARCH_USER_PATHS = NO;
				CLANG_ANALYZER_LOCALIZABILITY_NONLOCALIZED = YES;
				CLANG_ANALYZER_NONNULL = YES;
				CLANG_ANALYZER_NUMBER_OBJECT_CONVERSION = YES_AGGRESSIVE;
				CLANG_CXX_LANGUAGE_STANDARD = "gnu++14";
				CLANG_CXX_LIBRARY = "libc++";
				CLANG_ENABLE_MODULES = YES;
				CLANG_ENABLE_OBJC_ARC = YES;
				CLANG_ENABLE_OBJC_WEAK = YES;
				CLANG_WARN_BLOCK_CAPTURE_AUTORELEASING = YES;
				CLANG_WARN_BOOL_CONVERSION = YES;
				CLANG_WARN_COMMA = YES;
				CLANG_WARN_CONSTANT_CONVERSION = YES;
				CLANG_WARN_DEPRECATED_OBJC_IMPLEMENTATIONS = YES;
				CLANG_WARN_DIRECT_OBJC_ISA_USAGE = YES_ERROR;
				CLANG_WARN_DOCUMENTATION_COMMENTS = YES;
				CLANG_WARN_EMPTY_BODY = YES;
				CLANG_WARN_ENUM_CONVERSION = YES;
				CLANG_WARN_INFINITE_RECURSION = YES;
				CLANG_WARN_INT_CONVERSION = YES;
				CLANG_WARN_NON_LITERAL_NULL_CONVERSION = YES;
				CLANG_WARN_OBJC_IMPLICIT_RETAIN_SELF = YES;
				CLANG_WARN_OBJC_LITERAL_CONVERSION = YES;
				CLANG_WARN_OBJC_ROOT_CLASS = YES_ERROR;
				CLANG_WARN_RANGE_LOOP_ANALYSIS = YES;
				CLANG_WARN_STRICT_PROTOTYPES = YES;
				CLANG_WARN_SUSPICIOUS_MOVE = YES;
				CLANG_WARN_UNGUARDED_AVAILABILITY = YES_AGGRESSIVE;
				CLANG_WARN_UNREACHABLE_CODE = YES;
				CLANG_WARN__DUPLICATE_METHOD_MATCH = YES;
				COPY_PHASE_STRIP = NO;
				DEBUG_INFORMATION_FORMAT = dwarf;
				ENABLE_STRICT_OBJC_MSGSEND = YES;
				ENABLE_TESTABILITY = YES;
				GCC_C_LANGUAGE_STANDARD = gnu11;
				GCC_DYNAMIC_NO_PIC = NO;
				GCC_NO_COMMON_BLOCKS = YES;
				GCC_OPTIMIZATION_LEVEL = 0;
				GCC_PREPROCESSOR_DEFINITIONS = (
					"DEBUG=1",
					"$(inherited)",
				);
				GCC_WARN_64_TO_32_BIT_CONVERSION = YES;
				GCC_WARN_ABOUT_RETURN_TYPE = YES_ERROR;
				GCC_WARN_UNDECLARED_SELECTOR = YES;
				GCC_WARN_UNINITIALIZED_AUTOS = YES_AGGRESSIVE;
				GCC_WARN_UNUSED_FUNCTION = YES;
				GCC_WARN_UNUSED_VARIABLE = YES;
				IPHONEOS_DEPLOYMENT_TARGET = 13.0;
				MTL_ENABLE_DEBUG_INFO = INCLUDE_SOURCE;
				MTL_FAST_MATH = YES;
				ONLY_ACTIVE_ARCH = YES;
				SDKROOT = iphoneos;
				SWIFT_ACTIVE_COMPILATION_CONDITIONS = DEBUG;
				SWIFT_OPTIMIZATION_LEVEL = "-Onone";
			};
			name = Debug;
		};
		28212695235926EB00072D52 /* Release */ = {
			isa = XCBuildConfiguration;
			buildSettings = {
				ALWAYS_SEARCH_USER_PATHS = NO;
				CLANG_ANALYZER_LOCALIZABILITY_NONLOCALIZED = YES;
				CLANG_ANALYZER_NONNULL = YES;
				CLANG_ANALYZER_NUMBER_OBJECT_CONVERSION = YES_AGGRESSIVE;
				CLANG_CXX_LANGUAGE_STANDARD = "gnu++14";
				CLANG_CXX_LIBRARY = "libc++";
				CLANG_ENABLE_MODULES = YES;
				CLANG_ENABLE_OBJC_ARC = YES;
				CLANG_ENABLE_OBJC_WEAK = YES;
				CLANG_WARN_BLOCK_CAPTURE_AUTORELEASING = YES;
				CLANG_WARN_BOOL_CONVERSION = YES;
				CLANG_WARN_COMMA = YES;
				CLANG_WARN_CONSTANT_CONVERSION = YES;
				CLANG_WARN_DEPRECATED_OBJC_IMPLEMENTATIONS = YES;
				CLANG_WARN_DIRECT_OBJC_ISA_USAGE = YES_ERROR;
				CLANG_WARN_DOCUMENTATION_COMMENTS = YES;
				CLANG_WARN_EMPTY_BODY = YES;
				CLANG_WARN_ENUM_CONVERSION = YES;
				CLANG_WARN_INFINITE_RECURSION = YES;
				CLANG_WARN_INT_CONVERSION = YES;
				CLANG_WARN_NON_LITERAL_NULL_CONVERSION = YES;
				CLANG_WARN_OBJC_IMPLICIT_RETAIN_SELF = YES;
				CLANG_WARN_OBJC_LITERAL_CONVERSION = YES;
				CLANG_WARN_OBJC_ROOT_CLASS = YES_ERROR;
				CLANG_WARN_RANGE_LOOP_ANALYSIS = YES;
				CLANG_WARN_STRICT_PROTOTYPES = YES;
				CLANG_WARN_SUSPICIOUS_MOVE = YES;
				CLANG_WARN_UNGUARDED_AVAILABILITY = YES_AGGRESSIVE;
				CLANG_WARN_UNREACHABLE_CODE = YES;
				CLANG_WARN__DUPLICATE_METHOD_MATCH = YES;
				COPY_PHASE_STRIP = NO;
				DEBUG_INFORMATION_FORMAT = "dwarf-with-dsym";
				ENABLE_NS_ASSERTIONS = NO;
				ENABLE_STRICT_OBJC_MSGSEND = YES;
				GCC_C_LANGUAGE_STANDARD = gnu11;
				GCC_NO_COMMON_BLOCKS = YES;
				GCC_WARN_64_TO_32_BIT_CONVERSION = YES;
				GCC_WARN_ABOUT_RETURN_TYPE = YES_ERROR;
				GCC_WARN_UNDECLARED_SELECTOR = YES;
				GCC_WARN_UNINITIALIZED_AUTOS = YES_AGGRESSIVE;
				GCC_WARN_UNUSED_FUNCTION = YES;
				GCC_WARN_UNUSED_VARIABLE = YES;
				IPHONEOS_DEPLOYMENT_TARGET = 13.0;
				MTL_ENABLE_DEBUG_INFO = NO;
				MTL_FAST_MATH = YES;
				SDKROOT = iphoneos;
				SWIFT_COMPILATION_MODE = wholemodule;
				SWIFT_OPTIMIZATION_LEVEL = "-O";
				VALIDATE_PRODUCT = YES;
			};
			name = Release;
		};
		28212697235926EB00072D52 /* Debug */ = {
			isa = XCBuildConfiguration;
			buildSettings = {
				ASSETCATALOG_COMPILER_APPICON_NAME = AppIcon;
				CLANG_ENABLE_MODULES = YES;
				CODE_SIGN_STYLE = Automatic;
				DEVELOPMENT_ASSET_PATHS = "\"Pi-Helper/Preview Content\"";
				DEVELOPMENT_TEAM = 9Z6DE6KNJ9;
				ENABLE_PREVIEWS = YES;
				INFOPLIST_FILE = "Pi-Helper/Info.plist";
				LD_RUNPATH_SEARCH_PATHS = (
					"$(inherited)",
					"@executable_path/Frameworks",
				);
				PRODUCT_BUNDLE_IDENTIFIER = "com.wbrawner.Pi-Helper";
				PRODUCT_NAME = "$(TARGET_NAME)";
				SWIFT_OBJC_BRIDGING_HEADER = "Pi-Helper/Pi-Helper-Bridging-Header.h";
				SWIFT_OPTIMIZATION_LEVEL = "-Onone";
				SWIFT_VERSION = 5.0;
				TARGETED_DEVICE_FAMILY = "1,2";
			};
			name = Debug;
		};
		28212698235926EB00072D52 /* Release */ = {
			isa = XCBuildConfiguration;
			buildSettings = {
				ASSETCATALOG_COMPILER_APPICON_NAME = AppIcon;
				CLANG_ENABLE_MODULES = YES;
				CODE_SIGN_STYLE = Automatic;
				DEVELOPMENT_ASSET_PATHS = "\"Pi-Helper/Preview Content\"";
				DEVELOPMENT_TEAM = 9Z6DE6KNJ9;
				ENABLE_PREVIEWS = YES;
				INFOPLIST_FILE = "Pi-Helper/Info.plist";
				LD_RUNPATH_SEARCH_PATHS = (
					"$(inherited)",
					"@executable_path/Frameworks",
				);
				PRODUCT_BUNDLE_IDENTIFIER = "com.wbrawner.Pi-Helper";
				PRODUCT_NAME = "$(TARGET_NAME)";
				SWIFT_OBJC_BRIDGING_HEADER = "Pi-Helper/Pi-Helper-Bridging-Header.h";
				SWIFT_VERSION = 5.0;
				TARGETED_DEVICE_FAMILY = "1,2";
			};
			name = Release;
		};
		2821269A235926EB00072D52 /* Debug */ = {
			isa = XCBuildConfiguration;
			buildSettings = {
				ALWAYS_EMBED_SWIFT_STANDARD_LIBRARIES = YES;
				BUNDLE_LOADER = "$(TEST_HOST)";
				CODE_SIGN_STYLE = Automatic;
				DEVELOPMENT_TEAM = 9Z6DE6KNJ9;
				INFOPLIST_FILE = "Pi-HelperTests/Info.plist";
				IPHONEOS_DEPLOYMENT_TARGET = 13.0;
				LD_RUNPATH_SEARCH_PATHS = (
					"$(inherited)",
					"@executable_path/Frameworks",
					"@loader_path/Frameworks",
				);
				PRODUCT_BUNDLE_IDENTIFIER = "com.wbrawner.Pi-HelperTests";
				PRODUCT_NAME = "$(TARGET_NAME)";
				SWIFT_VERSION = 5.0;
				TARGETED_DEVICE_FAMILY = "1,2";
				TEST_HOST = "$(BUILT_PRODUCTS_DIR)/Pi-Helper.app/Pi-Helper";
			};
			name = Debug;
		};
		2821269B235926EB00072D52 /* Release */ = {
			isa = XCBuildConfiguration;
			buildSettings = {
				ALWAYS_EMBED_SWIFT_STANDARD_LIBRARIES = YES;
				BUNDLE_LOADER = "$(TEST_HOST)";
				CODE_SIGN_STYLE = Automatic;
				DEVELOPMENT_TEAM = 9Z6DE6KNJ9;
				INFOPLIST_FILE = "Pi-HelperTests/Info.plist";
				IPHONEOS_DEPLOYMENT_TARGET = 13.0;
				LD_RUNPATH_SEARCH_PATHS = (
					"$(inherited)",
					"@executable_path/Frameworks",
					"@loader_path/Frameworks",
				);
				PRODUCT_BUNDLE_IDENTIFIER = "com.wbrawner.Pi-HelperTests";
				PRODUCT_NAME = "$(TARGET_NAME)";
				SWIFT_VERSION = 5.0;
				TARGETED_DEVICE_FAMILY = "1,2";
				TEST_HOST = "$(BUILT_PRODUCTS_DIR)/Pi-Helper.app/Pi-Helper";
			};
			name = Release;
		};
		2821269D235926EB00072D52 /* Debug */ = {
			isa = XCBuildConfiguration;
			buildSettings = {
				ALWAYS_EMBED_SWIFT_STANDARD_LIBRARIES = YES;
				CODE_SIGN_STYLE = Automatic;
				DEVELOPMENT_TEAM = 9Z6DE6KNJ9;
				INFOPLIST_FILE = "Pi-HelperUITests/Info.plist";
				LD_RUNPATH_SEARCH_PATHS = (
					"$(inherited)",
					"@executable_path/Frameworks",
					"@loader_path/Frameworks",
				);
				PRODUCT_BUNDLE_IDENTIFIER = "com.wbrawner.Pi-HelperUITests";
				PRODUCT_NAME = "$(TARGET_NAME)";
				SWIFT_VERSION = 5.0;
				TARGETED_DEVICE_FAMILY = "1,2";
				TEST_TARGET_NAME = "Pi-Helper";
			};
			name = Debug;
		};
		2821269E235926EB00072D52 /* Release */ = {
			isa = XCBuildConfiguration;
			buildSettings = {
				ALWAYS_EMBED_SWIFT_STANDARD_LIBRARIES = YES;
				CODE_SIGN_STYLE = Automatic;
				DEVELOPMENT_TEAM = 9Z6DE6KNJ9;
				INFOPLIST_FILE = "Pi-HelperUITests/Info.plist";
				LD_RUNPATH_SEARCH_PATHS = (
					"$(inherited)",
					"@executable_path/Frameworks",
					"@loader_path/Frameworks",
				);
				PRODUCT_BUNDLE_IDENTIFIER = "com.wbrawner.Pi-HelperUITests";
				PRODUCT_NAME = "$(TARGET_NAME)";
				SWIFT_VERSION = 5.0;
				TARGETED_DEVICE_FAMILY = "1,2";
				TEST_TARGET_NAME = "Pi-Helper";
			};
			name = Release;
		};
/* End XCBuildConfiguration section */

/* Begin XCConfigurationList section */
		28212667235926E700072D52 /* Build configuration list for PBXProject "Pi-Helper" */ = {
			isa = XCConfigurationList;
			buildConfigurations = (
				28212694235926EB00072D52 /* Debug */,
				28212695235926EB00072D52 /* Release */,
			);
			defaultConfigurationIsVisible = 0;
			defaultConfigurationName = Release;
		};
		28212696235926EB00072D52 /* Build configuration list for PBXNativeTarget "Pi-Helper" */ = {
			isa = XCConfigurationList;
			buildConfigurations = (
				28212697235926EB00072D52 /* Debug */,
				28212698235926EB00072D52 /* Release */,
			);
			defaultConfigurationIsVisible = 0;
			defaultConfigurationName = Release;
		};
		28212699235926EB00072D52 /* Build configuration list for PBXNativeTarget "Pi-HelperTests" */ = {
			isa = XCConfigurationList;
			buildConfigurations = (
				2821269A235926EB00072D52 /* Debug */,
				2821269B235926EB00072D52 /* Release */,
			);
			defaultConfigurationIsVisible = 0;
			defaultConfigurationName = Release;
		};
		2821269C235926EB00072D52 /* Build configuration list for PBXNativeTarget "Pi-HelperUITests" */ = {
			isa = XCConfigurationList;
			buildConfigurations = (
				2821269D235926EB00072D52 /* Debug */,
				2821269E235926EB00072D52 /* Release */,
			);
			defaultConfigurationIsVisible = 0;
			defaultConfigurationName = Release;
		};
/* End XCConfigurationList section */
	};
	rootObject = 28212664235926E700072D52 /* Project object */;
}
